
Microsoft Visual Studio Solution File, Format Version 12.00
# Visual Studio 2012
Project("{FAE04EC0-301F-11D3-BF4B-00C04F79EFBC}") = "DataDocking", "DataDocking\DataDocking.csproj", "{69B2A9A1-A112-4960-8453-2C1C1085BE2E}"
EndProject
Project("{FAE04EC0-301F-11D3-BF4B-00C04F79EFBC}") = "DataDockingHelper", "DataDockingHelper\DataDockingHelper.csproj", "{9521A696-45CC-4896-AA08-44243E53FAE3}"
EndProject
Global
	GlobalSection(SolutionConfigurationPlatforms) = preSolution
		Debug|Any CPU = Debug|Any CPU
		Release|Any CPU = Release|Any CPU
	EndGlobalSection
	GlobalSection(ProjectConfigurationPlatforms) = postSolution
		{69B2A9A1-A112-4960-8453-2C1C1085BE2E}.Debug|Any CPU.ActiveCfg = Debug|Any CPU
		{69B2A9A1-A112-4960-8453-2C1C1085BE2E}.Debug|Any CPU.Build.0 = Debug|Any CPU
		{69B2A9A1-A112-4960-8453-2C1C1085BE2E}.Release|Any CPU.ActiveCfg = Release|Any CPU
		{69B2A9A1-A112-4960-8453-2C1C1085BE2E}.Release|Any CPU.Build.0 = Release|Any CPU
		{9521A696-45CC-4896-AA08-44243E53FAE3}.Debug|Any CPU.ActiveCfg = Debug|Any CPU
		{9521A696-45CC-4896-AA08-44243E53FAE3}.Debug|Any CPU.Build.0 = Debug|Any CPU
		{9521A696-45CC-4896-AA08-44243E53FAE3}.Release|Any CPU.ActiveCfg = Release|Any CPU
		{9521A696-45CC-4896-AA08-44243E53FAE3}.Release|Any CPU.Build.0 = Release|Any CPU
	EndGlobalSection
	GlobalSection(SolutionProperties) = preSolution
		HideSolutionNode = FALSE
	EndGlobalSection
EndGlobal
